
Microsoft Visual Studio Solution File, Format Version 12.00
# Visual Studio Version 16
VisualStudioVersion = 16.0.31613.86
MinimumVisualStudioVersion = 10.0.40219.1
Project("{8BC9CEB8-8B4A-11D0-8D11-00A0C91BC942}") = "Program2", "Program2\Program2.vcxproj", "{9107BCE9-546E-43F5-8C32-04D42170F558}"
EndProject
Global
	GlobalSection(SolutionConfigurationPlatforms) = preSolution
		Debug|x64 = Debug|x64
		Debug|x86 = Debug|x86
		Release|x64 = Release|x64
		Release|x86 = Release|x86
	EndGlobalSection
	GlobalSection(ProjectConfigurationPlatforms) = postSolution
		{9107BCE9-546E-43F5-8C32-04D42170F558}.Debug|x64.ActiveCfg = Debug|x64
		{9107BCE9-546E-43F5-8C32-04D42170F558}.Debug|x64.Build.0 = Debug|x64
		{9107BCE9-546E-43F5-8C32-04D42170F558}.Debug|x86.ActiveCfg = Debug|Win32
		{9107BCE9-546E-43F5-8C32-04D42170F558}.Debug|x86.Build.0 = Debug|Win32
		{9107BCE9-546E-43F5-8C32-04D42170F558}.Release|x64.ActiveCfg = Release|x64
		{9107BCE9-546E-43F5-8C32-04D42170F558}.Release|x64.Build.0 = Release|x64
		{9107BCE9-546E-43F5-8C32-04D42170F558}.Release|x86.ActiveCfg = Release|Win32
		{9107BCE9-546E-43F5-8C32-04D42170F558}.Release|x86.Build.0 = Release|Win32
	EndGlobalSection
	GlobalSection(SolutionProperties) = preSolution
		HideSolutionNode = FALSE
	EndGlobalSection
	GlobalSection(ExtensibilityGlobals) = postSolution
		SolutionGuid = {4759B87B-A282-4254-9C71-4699BB8A90F4}
	EndGlobalSection
EndGlobal
